{
  "nodes": {
    "base16": {
      "inputs": {
        "nixpkgs": [
          "unstable"
        ]
      },
      "locked": {
        "lastModified": 1643595475,
        "narHash": "sha256-jWCp0r5BC7U3rKy7RmL6YPhtUrQmfsZoFH5+xb+wDZ8=",
        "owner": "shaunsingh",
        "repo": "base16.nix",
        "rev": "3d21c5c21cc2de27b0f29d6d5aa2693505508d9e",
        "type": "github"
      },
      "original": {
        "owner": "shaunsingh",
        "repo": "base16.nix",
        "type": "github"
      }
    },
    "base16-carbon-dark": {
      "flake": false,
      "locked": {
        "lastModified": 1643512739,
        "narHash": "sha256-a2rUJOAKNvTj/0ZxlImjlssDmNlRlBKQUGxGxRVnt98=",
        "owner": "shaunsingh",
        "repo": "base16-carbon-dark",
        "rev": "37e7230169abbcd6cf2f53b0d6b1840f2c95cb08",
        "type": "github"
      },
      "original": {
        "owner": "shaunsingh",
        "repo": "base16-carbon-dark",
        "type": "github"
      }
    },
    "cachix": {
      "locked": {
        "lastModified": 1653996475,
        "narHash": "sha256-r/UA7h3Dfgf4dlOCkakpqejf1Tagfb+6T+9OdT0qBgU=",
        "owner": "nixos",
        "repo": "nixpkgs",
        "rev": "ec6eaba9dfcfdd11547d75a193e91e26701bf7e3",
        "type": "github"
      },
      "original": {
        "owner": "nixos",
        "ref": "nixos-21.11",
        "repo": "nixpkgs",
        "type": "github"
      }
    },
    "darwin": {
      "inputs": {
        "nixpkgs": [
          "unstable"
        ]
      },
      "locked": {
        "lastModified": 1651916036,
        "narHash": "sha256-UuD9keUGm4IuVEV6wdSYbuRm7CwfXE63hVkzKDjVsh4=",
        "owner": "LnL7",
        "repo": "nix-darwin",
        "rev": "2f2bdf658d2b79bada78dc914af99c53cad37cba",
        "type": "github"
      },
      "original": {
        "owner": "LnL7",
        "repo": "nix-darwin",
        "type": "github"
      }
    },
    "eww": {
      "inputs": {
        "fenix": "fenix",
        "flake-compat": "flake-compat",
        "flake-utils": "flake-utils",
        "naersk": "naersk",
        "nixpkgs": [
          "unstable"
        ]
      },
      "locked": {
        "lastModified": 1653570034,
        "narHash": "sha256-wtrq8crcN7fdNAkCqKHrPpptP4FOEQwReUnSFcCMQzs=",
        "owner": "elkowar",
        "repo": "eww",
        "rev": "0b0715fd505200db5954432b8a27ed57e3e6a72a",
        "type": "github"
      },
      "original": {
        "owner": "elkowar",
        "repo": "eww",
        "type": "github"
      }
    },
    "fenix": {
      "inputs": {
        "nixpkgs": [
          "eww",
          "nixpkgs"
        ],
        "rust-analyzer-src": "rust-analyzer-src"
      },
      "locked": {
        "lastModified": 1635402244,
        "narHash": "sha256-4bUSYJDRxAo66UpNkFmEMRIWMdDXBEnq8GB/rG++Y3A=",
        "owner": "nix-community",
        "repo": "fenix",
        "rev": "840f96d1f3257d64c04fe949dfc9c0b4795c04c1",
        "type": "github"
      },
      "original": {
        "owner": "nix-community",
        "repo": "fenix",
        "type": "github"
      }
    },
    "flake-compat": {
      "flake": false,
      "locked": {
        "lastModified": 1627913399,
        "narHash": "sha256-hY8g6H2KFL8ownSiFeMOjwPC8P0ueXpCVEbxgda3pko=",
        "owner": "edolstra",
        "repo": "flake-compat",
        "rev": "12c64ca55c1014cdc1b16ed5a804aa8576601ff2",
        "type": "github"
      },
      "original": {
        "owner": "edolstra",
        "repo": "flake-compat",
        "type": "github"
      }
    },
    "flake-compat_2": {
      "flake": false,
      "locked": {
        "lastModified": 1650374568,
        "narHash": "sha256-Z+s0J8/r907g149rllvwhb4pKi8Wam5ij0st8PwAh+E=",
        "owner": "edolstra",
        "repo": "flake-compat",
        "rev": "b4a34015c698c7793d592d66adbab377907a2be8",
        "type": "github"
      },
      "original": {
        "owner": "edolstra",
        "repo": "flake-compat",
        "type": "github"
      }
    },
    "flake-compat_3": {
      "flake": false,
      "locked": {
        "lastModified": 1650374568,
        "narHash": "sha256-Z+s0J8/r907g149rllvwhb4pKi8Wam5ij0st8PwAh+E=",
        "owner": "edolstra",
        "repo": "flake-compat",
        "rev": "b4a34015c698c7793d592d66adbab377907a2be8",
        "type": "github"
      },
      "original": {
        "owner": "edolstra",
        "repo": "flake-compat",
        "type": "github"
      }
    },
    "flake-utils": {
      "locked": {
        "lastModified": 1634851050,
        "narHash": "sha256-N83GlSGPJJdcqhUxSCS/WwW5pksYf3VP1M13cDRTSVA=",
        "owner": "numtide",
        "repo": "flake-utils",
        "rev": "c91f3de5adaf1de973b797ef7485e441a65b8935",
        "type": "github"
      },
      "original": {
        "owner": "numtide",
        "repo": "flake-utils",
        "type": "github"
      }
    },
    "flake-utils_2": {
      "locked": {
        "lastModified": 1644229661,
        "narHash": "sha256-1YdnJAsNy69bpcjuoKdOYQX0YxZBiCYZo4Twxerqv7k=",
        "owner": "numtide",
        "repo": "flake-utils",
        "rev": "3cecb5b042f7f209c56ffd8371b2711a290ec797",
        "type": "github"
      },
      "original": {
        "owner": "numtide",
        "repo": "flake-utils",
        "type": "github"
      }
    },
    "flake-utils_3": {
      "locked": {
        "lastModified": 1653893745,
        "narHash": "sha256-0jntwV3Z8//YwuOjzhV2sgJJPt+HY6KhU7VZUL0fKZQ=",
        "owner": "numtide",
        "repo": "flake-utils",
        "rev": "1ed9fb1935d260de5fe1c2f7ee0ebaae17ed2fa1",
        "type": "github"
      },
      "original": {
        "owner": "numtide",
        "repo": "flake-utils",
        "type": "github"
      }
    },
    "home-manager": {
      "inputs": {
        "nixpkgs": [
          "unstable"
        ]
      },
      "locked": {
        "lastModified": 1653943687,
        "narHash": "sha256-xXW9t24HLf89+n/92kOqRRfOBE3KDna+9rAOefs5WSQ=",
        "owner": "nix-community",
        "repo": "home-manager",
        "rev": "8f3e26705178cc8c1d982d37d881fc0d5b5b1837",
        "type": "github"
      },
      "original": {
        "owner": "nix-community",
        "repo": "home-manager",
        "type": "github"
      }
    },
    "lib-aggregate": {
      "inputs": {
        "flake-utils": "flake-utils_3",
        "nixpkgs-lib": "nixpkgs-lib"
      },
      "locked": {
        "lastModified": 1653912655,
        "narHash": "sha256-sSBnbOqyVvV7CKq4jAmoZwd0VpYje1Yk0xSSmiSczCs=",
        "owner": "nix-community",
        "repo": "lib-aggregate",
        "rev": "93e3b4ce728ebcb91e8e47101ec4cd6c53c63dee",
        "type": "github"
      },
      "original": {
        "owner": "nix-community",
        "repo": "lib-aggregate",
        "type": "github"
      }
    },
    "naersk": {
      "inputs": {
        "nixpkgs": "nixpkgs"
      },
      "locked": {
        "lastModified": 1635444951,
        "narHash": "sha256-1y3YkERwoYDIZjGow7HLAR8K3C/9VBPCBy8VpftMPsM=",
        "owner": "nmattia",
        "repo": "naersk",
        "rev": "0d2ce479df4633dbeb53a8ea96e5098ed37fbcc6",
        "type": "github"
      },
      "original": {
        "owner": "nmattia",
        "repo": "naersk",
        "type": "github"
      }
    },
    "neovim-flake": {
      "inputs": {
        "flake-utils": "flake-utils_2",
        "nixpkgs": [
          "neovim-overlay",
          "nixpkgs"
        ]
      },
      "locked": {
        "dir": "contrib",
        "lastModified": 1654027211,
        "narHash": "sha256-5AhMgOURQDkTsVW6o/8kG6sZjw81FvcRDUb5AQAWlhs=",
        "owner": "neovim",
        "repo": "neovim",
        "rev": "c632f64e247c672e425f609bb47a9ab0517a4c31",
        "type": "github"
      },
      "original": {
        "dir": "contrib",
        "owner": "neovim",
        "repo": "neovim",
        "type": "github"
      }
    },
    "neovim-overlay": {
      "inputs": {
        "flake-compat": "flake-compat_2",
        "neovim-flake": "neovim-flake",
        "nixpkgs": [
          "unstable"
        ]
      },
      "locked": {
        "lastModified": 1654071607,
        "narHash": "sha256-rREgo+GSGA4jYjD4+rtjo6C8B8h4uMfbQhbj3JprKHs=",
        "owner": "nix-community",
        "repo": "neovim-nightly-overlay",
        "rev": "a275bb1cdf780df0da1d4150a2a652f1697291cc",
        "type": "github"
      },
      "original": {
        "owner": "nix-community",
        "repo": "neovim-nightly-overlay",
        "type": "github"
      }
    },
    "nixpkgs": {
      "locked": {
        "lastModified": 1635481254,
        "narHash": "sha256-tyVpgjeNhzCP2bBdIgFOkTtwDJWO/bKp59V5ctfonyg=",
        "owner": "NixOS",
        "repo": "nixpkgs",
        "rev": "f1d9248eddad2369fca6572470670ec45aa85272",
        "type": "github"
      },
      "original": {
        "id": "nixpkgs",
        "type": "indirect"
      }
    },
    "nixpkgs-lib": {
      "locked": {
        "lastModified": 1653785473,
        "narHash": "sha256-kqSk70xGTRfmJi2XPfpxF4ckfrlB0bf9vmN1V3aydTA=",
        "owner": "nix-community",
        "repo": "nixpkgs.lib",
        "rev": "81ce0b50f52b58a6a97184c0a4c42e6d964cfa06",
        "type": "github"
      },
      "original": {
        "owner": "nix-community",
        "repo": "nixpkgs.lib",
        "type": "github"
      }
    },
    "nixpkgs-wayland": {
      "inputs": {
        "cachix": "cachix",
        "flake-compat": "flake-compat_3",
        "lib-aggregate": "lib-aggregate",
        "nixpkgs": [
          "unstable"
        ]
      },
      "locked": {
        "lastModified": 1654111011,
        "narHash": "sha256-ulIII/0wo5Tdv7zBRhSQB0hEvF22nXtxscz0uclb6GE=",
        "owner": "nix-community",
        "repo": "nixpkgs-wayland",
        "rev": "39480c83e8ff5fcb4788515f3f7dbf40ef882881",
        "type": "github"
      },
      "original": {
        "owner": "nix-community",
        "repo": "nixpkgs-wayland",
        "type": "github"
      }
    },
    "nixpkgs_2": {
      "locked": {
        "lastModified": 1654007547,
        "narHash": "sha256-G812EeXZeGeGjkAvbTleGwcKFCGxdLOQb9aViOWASPc=",
        "owner": "NixOS",
        "repo": "nixpkgs",
        "rev": "5643714dea562f0161529ab23058562afeff46d0",
        "type": "github"
      },
      "original": {
        "id": "nixpkgs",
        "type": "indirect"
      }
    },
    "nur": {
      "locked": {
        "lastModified": 1654110908,
        "narHash": "sha256-yhQVAiDvHDjIBD2k3LEIumGf3GUmWkX043JdGlHVRDE=",
        "owner": "nix-community",
        "repo": "NUR",
        "rev": "3580920ef3b975787289d13edf9e02dfccef8348",
        "type": "github"
      },
      "original": {
        "owner": "nix-community",
        "repo": "NUR",
        "type": "github"
      }
    },
    "root": {
      "inputs": {
        "base16": "base16",
        "base16-carbon-dark": "base16-carbon-dark",
        "darwin": "darwin",
        "eww": "eww",
        "home-manager": "home-manager",
        "neovim-overlay": "neovim-overlay",
        "nixpkgs": "nixpkgs_2",
        "nixpkgs-wayland": "nixpkgs-wayland",
        "nur": "nur",
        "sway-borders-src": "sway-borders-src",
        "unstable": "unstable",
        "yabai-src": "yabai-src"
      }
    },
    "rust-analyzer-src": {
      "flake": false,
      "locked": {
        "lastModified": 1635274542,
        "narHash": "sha256-Cew1/WUozM3jalItPuj4cNN8GIFMvCaJ1KXoj6wrHwE=",
        "owner": "rust-analyzer",
        "repo": "rust-analyzer",
        "rev": "dd43f3f2d13a32199828e758ddf13176df1f17f9",
        "type": "github"
      },
      "original": {
        "owner": "rust-analyzer",
        "ref": "nightly",
        "repo": "rust-analyzer",
        "type": "github"
      }
    },
    "sway-borders-src": {
      "flake": false,
      "locked": {
        "lastModified": 1653708492,
        "narHash": "sha256-g1spYIb23DWhyfqvIujHW+FBaqlmvNkV72cGklT4vWo=",
        "owner": "fluix-dev",
        "repo": "sway-borders",
        "rev": "55702663b87499096c02a6586217b2447e5bcfce",
        "type": "github"
      },
      "original": {
        "owner": "fluix-dev",
        "repo": "sway-borders",
        "type": "github"
      }
    },
    "unstable": {
      "locked": {
        "lastModified": 1654109410,
        "narHash": "sha256-26zSLPVGQzQgC86rHTMfjSuck47lp/YA3VRdx95nUlU=",
        "owner": "nixos",
        "repo": "nixpkgs",
        "rev": "9dfef0f30b16ae97b04ba7f86a89369c73dc43aa",
        "type": "github"
      },
      "original": {
        "owner": "nixos",
        "ref": "master",
        "repo": "nixpkgs",
        "type": "github"
      }
    },
    "yabai-src": {
      "flake": false,
      "locked": {
        "lastModified": 1653679097,
        "narHash": "sha256-CAU1ShW3l3sr/xCgLtgz+N2yKpO4azuL8Vwk+Ek85FE=",
        "owner": "koekeishiya",
        "repo": "yabai",
        "rev": "95b09be72648bb23dc18f557f438d338e7dbe84e",
        "type": "github"
      },
      "original": {
        "owner": "koekeishiya",
        "repo": "yabai",
        "type": "github"
      }
    }
  },
  "root": "root",
  "version": 7
}
